// !$*UTF8*$!
{
	archiveVersion = 1;
	classes = {
	};
	objectVersion = 50;
	objects = {

/* Begin PBXBuildFile section */
		EA964107277A17BD0070BDE9 /* AppDelegate.swift in Sources */ = {isa = PBXBuildFile; fileRef = EA964106277A17BD0070BDE9 /* AppDelegate.swift */; };
		EA964109277A17BD0070BDE9 /* SceneDelegate.swift in Sources */ = {isa = PBXBuildFile; fileRef = EA964108277A17BD0070BDE9 /* SceneDelegate.swift */; };
		EA96410B277A17BD0070BDE9 /* ViewController.swift in Sources */ = {isa = PBXBuildFile; fileRef = EA96410A277A17BD0070BDE9 /* ViewController.swift */; };
		EA96410E277A17BD0070BDE9 /* Main.storyboard in Resources */ = {isa = PBXBuildFile; fileRef = EA96410C277A17BD0070BDE9 /* Main.storyboard */; };
		EA964111277A17BD0070BDE9 /* NiyaziCokuysa_DemirKo_sterit_IOS_Project.xcdatamodeld in Sources */ = {isa = PBXBuildFile; fileRef = EA96410F277A17BD0070BDE9 /* NiyaziCokuysa_DemirKo_sterit_IOS_Project.xcdatamodeld */; };
		EA964113277A17BF0070BDE9 /* Assets.xcassets in Resources */ = {isa = PBXBuildFile; fileRef = EA964112277A17BF0070BDE9 /* Assets.xcassets */; };
		EA964116277A17BF0070BDE9 /* LaunchScreen.storyboard in Resources */ = {isa = PBXBuildFile; fileRef = EA964114277A17BF0070BDE9 /* LaunchScreen.storyboard */; };
/* End PBXBuildFile section */

/* Begin PBXFileReference section */
		EA964103277A17BD0070BDE9 /* NiyaziCokuysa_DemirKösterit_IOS_Project.app */ = {isa = PBXFileReference; explicitFileType = wrapper.application; includeInIndex = 0; path = "NiyaziCokuysa_DemirKösterit_IOS_Project.app"; sourceTree = BUILT_PRODUCTS_DIR; };
		EA964106277A17BD0070BDE9 /* AppDelegate.swift */ = {isa = PBXFileReference; lastKnownFileType = sourcecode.swift; path = AppDelegate.swift; sourceTree = "<group>"; };
		EA964108277A17BD0070BDE9 /* SceneDelegate.swift */ = {isa = PBXFileReference; lastKnownFileType = sourcecode.swift; path = SceneDelegate.swift; sourceTree = "<group>"; };
		EA96410A277A17BD0070BDE9 /* ViewController.swift */ = {isa = PBXFileReference; lastKnownFileType = sourcecode.swift; path = ViewController.swift; sourceTree = "<group>"; };
		EA96410D277A17BD0070BDE9 /* Base */ = {isa = PBXFileReference; lastKnownFileType = file.storyboard; name = Base; path = Base.lproj/Main.storyboard; sourceTree = "<group>"; };
		EA964110277A17BD0070BDE9 /* NiyaziCokuysa_DemirKo_sterit_IOS_Project.xcdatamodel */ = {isa = PBXFileReference; lastKnownFileType = wrapper.xcdatamodel; path = NiyaziCokuysa_DemirKo_sterit_IOS_Project.xcdatamodel; sourceTree = "<group>"; };
		EA964112277A17BF0070BDE9 /* Assets.xcassets */ = {isa = PBXFileReference; lastKnownFileType = folder.assetcatalog; path = Assets.xcassets; sourceTree = "<group>"; };
		EA964115277A17BF0070BDE9 /* Base */ = {isa = PBXFileReference; lastKnownFileType = file.storyboard; name = Base; path = Base.lproj/LaunchScreen.storyboard; sourceTree = "<group>"; };
		EA964117277A17BF0070BDE9 /* Info.plist */ = {isa = PBXFileReference; lastKnownFileType = text.plist.xml; path = Info.plist; sourceTree = "<group>"; };
/* End PBXFileReference section */

/* Begin PBXFrameworksBuildPhase section */
		EA964100277A17BD0070BDE9 /* Frameworks */ = {
			isa = PBXFrameworksBuildPhase;
			buildActionMask = 2147483647;
			files = (
			);
			runOnlyForDeploymentPostprocessing = 0;
		};
/* End PBXFrameworksBuildPhase section */

/* Begin PBXGroup section */
		EA9640FA277A17BD0070BDE9 = {
			isa = PBXGroup;
			children = (
				EA964105277A17BD0070BDE9 /* NiyaziCokuysa_DemirKösterit_IOS_Project */,
				EA964104277A17BD0070BDE9 /* Products */,
			);
			sourceTree = "<group>";
		};
		EA964104277A17BD0070BDE9 /* Products */ = {
			isa = PBXGroup;
			children = (
				EA964103277A17BD0070BDE9 /* NiyaziCokuysa_DemirKösterit_IOS_Project.app */,
			);
			name = Products;
			sourceTree = "<group>";
		};
		EA964105277A17BD0070BDE9 /* NiyaziCokuysa_DemirKösterit_IOS_Project */ = {
			isa = PBXGroup;
			children = (
				EA964106277A17BD0070BDE9 /* AppDelegate.swift */,
				EA964108277A17BD0070BDE9 /* SceneDelegate.swift */,
				EA96410A277A17BD0070BDE9 /* ViewController.swift */,
				EA96410C277A17BD0070BDE9 /* Main.storyboard */,
				EA964112277A17BF0070BDE9 /* Assets.xcassets */,
				EA964114277A17BF0070BDE9 /* LaunchScreen.storyboard */,
				EA964117277A17BF0070BDE9 /* Info.plist */,
				EA96410F277A17BD0070BDE9 /* NiyaziCokuysa_DemirKo_sterit_IOS_Project.xcdatamodeld */,
			);
			path = "NiyaziCokuysa_DemirKösterit_IOS_Project";
			sourceTree = "<group>";
		};
/* End PBXGroup section */

/* Begin PBXNativeTarget section */
		EA964102277A17BD0070BDE9 /* NiyaziCokuysa_DemirKösterit_IOS_Project */ = {
			isa = PBXNativeTarget;
			buildConfigurationList = EA96411A277A17BF0070BDE9 /* Build configuration list for PBXNativeTarget "NiyaziCokuysa_DemirKösterit_IOS_Project" */;
			buildPhases = (
				EA9640FF277A17BD0070BDE9 /* Sources */,
				EA964100277A17BD0070BDE9 /* Frameworks */,
				EA964101277A17BD0070BDE9 /* Resources */,
			);
			buildRules = (
			);
			dependencies = (
			);
			name = "NiyaziCokuysa_DemirKösterit_IOS_Project";
			productName = "NiyaziCokuysa_DemirKösterit_IOS_Project";
			productReference = EA964103277A17BD0070BDE9 /* NiyaziCokuysa_DemirKösterit_IOS_Project.app */;
			productType = "com.apple.product-type.application";
		};
/* End PBXNativeTarget section */

/* Begin PBXProject section */
		EA9640FB277A17BD0070BDE9 /* Project object */ = {
			isa = PBXProject;
			attributes = {
				LastSwiftUpdateCheck = 1130;
				LastUpgradeCheck = 1130;
				ORGANIZATIONNAME = "NiyaziÇokuysal_DemirKösterit";
				TargetAttributes = {
					EA964102277A17BD0070BDE9 = {
						CreatedOnToolsVersion = 11.3.1;
					};
				};
			};
			buildConfigurationList = EA9640FE277A17BD0070BDE9 /* Build configuration list for PBXProject "NiyaziCokuysa_DemirKösterit_IOS_Project" */;
			compatibilityVersion = "Xcode 9.3";
			developmentRegion = en;
			hasScannedForEncodings = 0;
			knownRegions = (
				en,
				Base,
			);
			mainGroup = EA9640FA277A17BD0070BDE9;
			productRefGroup = EA964104277A17BD0070BDE9 /* Products */;
			projectDirPath = "";
			projectRoot = "";
			targets = (
				EA964102277A17BD0070BDE9 /* NiyaziCokuysa_DemirKösterit_IOS_Project */,
			);
		};
/* End PBXProject section */

/* Begin PBXResourcesBuildPhase section */
		EA964101277A17BD0070BDE9 /* Resources */ = {
			isa = PBXResourcesBuildPhase;
			buildActionMask = 2147483647;
			files = (
				EA964116277A17BF0070BDE9 /* LaunchScreen.storyboard in Resources */,
				EA964113277A17BF0070BDE9 /* Assets.xcassets in Resources */,
				EA96410E277A17BD0070BDE9 /* Main.storyboard in Resources */,
			);
			runOnlyForDeploymentPostprocessing = 0;
		};
/* End PBXResourcesBuildPhase section */

/* Begin PBXSourcesBuildPhase section */
		EA9640FF277A17BD0070BDE9 /* Sources */ = {
			isa = PBXSourcesBuildPhase;
			buildActionMask = 2147483647;
			files = (
				EA964111277A17BD0070BDE9 /* NiyaziCokuysa_DemirKo_sterit_IOS_Project.xcdatamodeld in Sources */,
				EA96410B277A17BD0070BDE9 /* ViewController.swift in Sources */,
				EA964107277A17BD0070BDE9 /* AppDelegate.swift in Sources */,
				EA964109277A17BD0070BDE9 /* SceneDelegate.swift in Sources */,
			);
			runOnlyForDeploymentPostprocessing = 0;
		};
/* End PBXSourcesBuildPhase section */

/* Begin PBXVariantGroup section */
		EA96410C277A17BD0070BDE9 /* Main.storyboard */ = {
			isa = PBXVariantGroup;
			children = (
				EA96410D277A17BD0070BDE9 /* Base */,
			);
			name = Main.storyboard;
			sourceTree = "<group>";
		};
		EA964114277A17BF0070BDE9 /* LaunchScreen.storyboard */ = {
			isa = PBXVariantGroup;
			children = (
				EA964115277A17BF0070BDE9 /* Base */,
			);
			name = LaunchScreen.storyboard;
			sourceTree = "<group>";
		};
/* End PBXVariantGroup section */

/* Begin XCBuildConfiguration section */
		EA964118277A17BF0070BDE9 /* Debug */ = {
			isa = XCBuildConfiguration;
			buildSettings = {
				ALWAYS_SEARCH_USER_PATHS = NO;
				CLANG_ANALYZER_NONNULL = YES;
				CLANG_ANALYZER_NUMBER_OBJECT_CONVERSION = YES_AGGRESSIVE;
				CLANG_CXX_LANGUAGE_STANDARD = "gnu++14";
				CLANG_CXX_LIBRARY = "libc++";
				CLANG_ENABLE_MODULES = YES;
				CLANG_ENABLE_OBJC_ARC = YES;
				CLANG_ENABLE_OBJC_WEAK = YES;
				CLANG_WARN_BLOCK_CAPTURE_AUTORELEASING = YES;
				CLANG_WARN_BOOL_CONVERSION = YES;
				CLANG_WARN_COMMA = YES;
				CLANG_WARN_CONSTANT_CONVERSION = YES;
				CLANG_WARN_DEPRECATED_OBJC_IMPLEMENTATIONS = YES;
				CLANG_WARN_DIRECT_OBJC_ISA_USAGE = YES_ERROR;
				CLANG_WARN_DOCUMENTATION_COMMENTS = YES;
				CLANG_WARN_EMPTY_BODY = YES;
				CLANG_WARN_ENUM_CONVERSION = YES;
				CLANG_WARN_INFINITE_RECURSION = YES;
				CLANG_WARN_INT_CONVERSION = YES;
				CLANG_WARN_NON_LITERAL_NULL_CONVERSION = YES;
				CLANG_WARN_OBJC_IMPLICIT_RETAIN_SELF = YES;
				CLANG_WARN_OBJC_LITERAL_CONVERSION = YES;
				CLANG_WARN_OBJC_ROOT_CLASS = YES_ERROR;
				CLANG_WARN_RANGE_LOOP_ANALYSIS = YES;
				CLANG_WARN_STRICT_PROTOTYPES = YES;
				CLANG_WARN_SUSPICIOUS_MOVE = YES;
				CLANG_WARN_UNGUARDED_AVAILABILITY = YES_AGGRESSIVE;
				CLANG_WARN_UNREACHABLE_CODE = YES;
				CLANG_WARN__DUPLICATE_METHOD_MATCH = YES;
				COPY_PHASE_STRIP = NO;
				DEBUG_INFORMATION_FORMAT = dwarf;
				ENABLE_STRICT_OBJC_MSGSEND = YES;
				ENABLE_TESTABILITY = YES;
				GCC_C_LANGUAGE_STANDARD = gnu11;
				GCC_DYNAMIC_NO_PIC = NO;
				GCC_NO_COMMON_BLOCKS = YES;
				GCC_OPTIMIZATION_LEVEL = 0;
				GCC_PREPROCESSOR_DEFINITIONS = (
					"DEBUG=1",
					"$(inherited)",
				);
				GCC_WARN_64_TO_32_BIT_CONVERSION = YES;
				GCC_WARN_ABOUT_RETURN_TYPE = YES_ERROR;
				GCC_WARN_UNDECLARED_SELECTOR = YES;
				GCC_WARN_UNINITIALIZED_AUTOS = YES_AGGRESSIVE;
				GCC_WARN_UNUSED_FUNCTION = YES;
				GCC_WARN_UNUSED_VARIABLE = YES;
				IPHONEOS_DEPLOYMENT_TARGET = 13.2;
				MTL_ENABLE_DEBUG_INFO = INCLUDE_SOURCE;
				MTL_FAST_MATH = YES;
				ONLY_ACTIVE_ARCH = YES;
				SDKROOT = iphoneos;
				SWIFT_ACTIVE_COMPILATION_CONDITIONS = DEBUG;
				SWIFT_OPTIMIZATION_LEVEL = "-Onone";
			};
			name = Debug;
		};
		EA964119277A17BF0070BDE9 /* Release */ = {
			isa = XCBuildConfiguration;
			buildSettings = {
				ALWAYS_SEARCH_USER_PATHS = NO;
				CLANG_ANALYZER_NONNULL = YES;
				CLANG_ANALYZER_NUMBER_OBJECT_CONVERSION = YES_AGGRESSIVE;
				CLANG_CXX_LANGUAGE_STANDARD = "gnu++14";
				CLANG_CXX_LIBRARY = "libc++";
				CLANG_ENABLE_MODULES = YES;
				CLANG_ENABLE_OBJC_ARC = YES;
				CLANG_ENABLE_OBJC_WEAK = YES;
				CLANG_WARN_BLOCK_CAPTURE_AUTORELEASING = YES;
				CLANG_WARN_BOOL_CONVERSION = YES;
				CLANG_WARN_COMMA = YES;
				CLANG_WARN_CONSTANT_CONVERSION = YES;
				CLANG_WARN_DEPRECATED_OBJC_IMPLEMENTATIONS = YES;
				CLANG_WARN_DIRECT_OBJC_ISA_USAGE = YES_ERROR;
				CLANG_WARN_DOCUMENTATION_COMMENTS = YES;
				CLANG_WARN_EMPTY_BODY = YES;
				CLANG_WARN_ENUM_CONVERSION = YES;
				CLANG_WARN_INFINITE_RECURSION = YES;
				CLANG_WARN_INT_CONVERSION = YES;
				CLANG_WARN_NON_LITERAL_NULL_CONVERSION = YES;
				CLANG_WARN_OBJC_IMPLICIT_RETAIN_SELF = YES;
				CLANG_WARN_OBJC_LITERAL_CONVERSION = YES;
				CLANG_WARN_OBJC_ROOT_CLASS = YES_ERROR;
				CLANG_WARN_RANGE_LOOP_ANALYSIS = YES;
				CLANG_WARN_STRICT_PROTOTYPES = YES;
				CLANG_WARN_SUSPICIOUS_MOVE = YES;
				CLANG_WARN_UNGUARDED_AVAILABILITY = YES_AGGRESSIVE;
				CLANG_WARN_UNREACHABLE_CODE = YES;
				CLANG_WARN__DUPLICATE_METHOD_MATCH = YES;
				COPY_PHASE_STRIP = NO;
				DEBUG_INFORMATION_FORMAT = "dwarf-with-dsym";
				ENABLE_NS_ASSERTIONS = NO;
				ENABLE_STRICT_OBJC_MSGSEND = YES;
				GCC_C_LANGUAGE_STANDARD = gnu11;
				GCC_NO_COMMON_BLOCKS = YES;
				GCC_WARN_64_TO_32_BIT_CONVERSION = YES;
				GCC_WARN_ABOUT_RETURN_TYPE = YES_ERROR;
				GCC_WARN_UNDECLARED_SELECTOR = YES;
				GCC_WARN_UNINITIALIZED_AUTOS = YES_AGGRESSIVE;
				GCC_WARN_UNUSED_FUNCTION = YES;
				GCC_WARN_UNUSED_VARIABLE = YES;
				IPHONEOS_DEPLOYMENT_TARGET = 13.2;
				MTL_ENABLE_DEBUG_INFO = NO;
				MTL_FAST_MATH = YES;
				SDKROOT = iphoneos;
				SWIFT_COMPILATION_MODE = wholemodule;
				SWIFT_OPTIMIZATION_LEVEL = "-O";
				VALIDATE_PRODUCT = YES;
			};
			name = Release;
		};
		EA96411B277A17BF0070BDE9 /* Debug */ = {
			isa = XCBuildConfiguration;
			buildSettings = {
				ASSETCATALOG_COMPILER_APPICON_NAME = AppIcon;
				CODE_SIGN_STYLE = Automatic;
				INFOPLIST_FILE = "NiyaziCokuysa_DemirKösterit_IOS_Project/Info.plist";
				LD_RUNPATH_SEARCH_PATHS = (
					"$(inherited)",
					"@executable_path/Frameworks",
				);
				PRODUCT_BUNDLE_IDENTIFIER = "com.niyazi-demir.NiyaziCokuysa-DemirKo-sterit-IOS-Project";
				PRODUCT_NAME = "$(TARGET_NAME)";
				SWIFT_VERSION = 5.0;
				TARGETED_DEVICE_FAMILY = "1,2";
			};
			name = Debug;
		};
		EA96411C277A17BF0070BDE9 /* Release */ = {
			isa = XCBuildConfiguration;
			buildSettings = {
				ASSETCATALOG_COMPILER_APPICON_NAME = AppIcon;
				CODE_SIGN_STYLE = Automatic;
				INFOPLIST_FILE = "NiyaziCokuysa_DemirKösterit_IOS_Project/Info.plist";
				LD_RUNPATH_SEARCH_PATHS = (
					"$(inherited)",
					"@executable_path/Frameworks",
				);
				PRODUCT_BUNDLE_IDENTIFIER = "com.niyazi-demir.NiyaziCokuysa-DemirKo-sterit-IOS-Project";
				PRODUCT_NAME = "$(TARGET_NAME)";
				SWIFT_VERSION = 5.0;
				TARGETED_DEVICE_FAMILY = "1,2";
			};
			name = Release;
		};
/* End XCBuildConfiguration section */

/* Begin XCConfigurationList section */
		EA9640FE277A17BD0070BDE9 /* Build configuration list for PBXProject "NiyaziCokuysa_DemirKösterit_IOS_Project" */ = {
			isa = XCConfigurationList;
			buildConfigurations = (
				EA964118277A17BF0070BDE9 /* Debug */,
				EA964119277A17BF0070BDE9 /* Release */,
			);
			defaultConfigurationIsVisible = 0;
			defaultConfigurationName = Release;
		};
		EA96411A277A17BF0070BDE9 /* Build configuration list for PBXNativeTarget "NiyaziCokuysa_DemirKösterit_IOS_Project" */ = {
			isa = XCConfigurationList;
			buildConfigurations = (
				EA96411B277A17BF0070BDE9 /* Debug */,
				EA96411C277A17BF0070BDE9 /* Release */,
			);
			defaultConfigurationIsVisible = 0;
			defaultConfigurationName = Release;
		};
/* End XCConfigurationList section */

/* Begin XCVersionGroup section */
		EA96410F277A17BD0070BDE9 /* NiyaziCokuysa_DemirKo_sterit_IOS_Project.xcdatamodeld */ = {
			isa = XCVersionGroup;
			children = (
				EA964110277A17BD0070BDE9 /* NiyaziCokuysa_DemirKo_sterit_IOS_Project.xcdatamodel */,
			);
			currentVersion = EA964110277A17BD0070BDE9 /* NiyaziCokuysa_DemirKo_sterit_IOS_Project.xcdatamodel */;
			path = NiyaziCokuysa_DemirKo_sterit_IOS_Project.xcdatamodeld;
			sourceTree = "<group>";
			versionGroupType = wrapper.xcdatamodel;
		};
/* End XCVersionGroup section */
	};
	rootObject = EA9640FB277A17BD0070BDE9 /* Project object */;
}
