// !$*UTF8*$!
{
	archiveVersion = 1;
	classes = {
	};
	objectVersion = 51;
	objects = {

/* Begin PBXBuildFile section */
		12D4D12949C5FEFACA2AF541 /* Pods_NiyaziCokuysa_DemirKosterit_IOS_Project.framework in Frameworks */ = {isa = PBXBuildFile; fileRef = E4955CC3EF1F30C8758D4814 /* Pods_NiyaziCokuysa_DemirKosterit_IOS_Project.framework */; };
		BA2F11E0277F8C7400895354 /* Favorite+CoreDataProperties.swift in Sources */ = {isa = PBXBuildFile; fileRef = BA2F11DE277F8C7400895354 /* Favorite+CoreDataProperties.swift */; };
		BA2F11E4277F8EA500895354 /* DetailVC.swift in Sources */ = {isa = PBXBuildFile; fileRef = BA2F11E3277F8EA500895354 /* DetailVC.swift */; };
		BA2F11E82780FCA200895354 /* FavoriteVC.swift in Sources */ = {isa = PBXBuildFile; fileRef = BA2F11E72780FCA200895354 /* FavoriteVC.swift */; };
		BA75CD1D277F11B5004782C6 /* MainVC.swift in Sources */ = {isa = PBXBuildFile; fileRef = BA75CD1C277F11B5004782C6 /* MainVC.swift */; };
		BA75CD23277F12FB004782C6 /* Meal.swift in Sources */ = {isa = PBXBuildFile; fileRef = BA75CD22277F12FB004782C6 /* Meal.swift */; };
		BA75CD25277F1494004782C6 /* MenuVC.swift in Sources */ = {isa = PBXBuildFile; fileRef = BA75CD24277F1494004782C6 /* MenuVC.swift */; };
		BA75CD27277F150F004782C6 /* CollectionViewCell.swift in Sources */ = {isa = PBXBuildFile; fileRef = BA75CD26277F150F004782C6 /* CollectionViewCell.swift */; };
		BA75CD29277F1536004782C6 /* CollectionReusableView.swift in Sources */ = {isa = PBXBuildFile; fileRef = BA75CD28277F1536004782C6 /* CollectionReusableView.swift */; };
		BA75CD2B277F167E004782C6 /* DataSource.swift in Sources */ = {isa = PBXBuildFile; fileRef = BA75CD2A277F167E004782C6 /* DataSource.swift */; };
		BA75CD2D277F16DC004782C6 /* SwiftyJSON.swift in Sources */ = {isa = PBXBuildFile; fileRef = BA75CD2C277F16DC004782C6 /* SwiftyJSON.swift */; };
		BA75CD2F277F194A004782C6 /* data.json in Resources */ = {isa = PBXBuildFile; fileRef = BA75CD2E277F194A004782C6 /* data.json */; };
		BAD875A7277F0C5D00A65846 /* AppDelegate.swift in Sources */ = {isa = PBXBuildFile; fileRef = BAD875A6277F0C5D00A65846 /* AppDelegate.swift */; };
		BAD875A9277F0C5D00A65846 /* SceneDelegate.swift in Sources */ = {isa = PBXBuildFile; fileRef = BAD875A8277F0C5D00A65846 /* SceneDelegate.swift */; };
		BAD875AE277F0C5D00A65846 /* Main.storyboard in Resources */ = {isa = PBXBuildFile; fileRef = BAD875AC277F0C5D00A65846 /* Main.storyboard */; };
		BAD875B1277F0C5D00A65846 /* NiyaziCokuysa_DemirKosterit_IOS_Project.xcdatamodeld in Sources */ = {isa = PBXBuildFile; fileRef = BAD875AF277F0C5D00A65846 /* NiyaziCokuysa_DemirKosterit_IOS_Project.xcdatamodeld */; };
		BAD875B3277F0C5E00A65846 /* Assets.xcassets in Resources */ = {isa = PBXBuildFile; fileRef = BAD875B2277F0C5E00A65846 /* Assets.xcassets */; };
		BAD875B6277F0C5E00A65846 /* LaunchScreen.storyboard in Resources */ = {isa = PBXBuildFile; fileRef = BAD875B4277F0C5E00A65846 /* LaunchScreen.storyboard */; };
		BAE3A90027811DAF009B7F23 /* Favorite.swift in Sources */ = {isa = PBXBuildFile; fileRef = BAE3A8FF27811DAF009B7F23 /* Favorite.swift */; };
/* End PBXBuildFile section */

/* Begin PBXFileReference section */
		3F70ABD4E72B29493B6725E3 /* Pods-NiyaziCokuysa_DemirKosterit_IOS_Project.debug.xcconfig */ = {isa = PBXFileReference; includeInIndex = 1; lastKnownFileType = text.xcconfig; name = "Pods-NiyaziCokuysa_DemirKosterit_IOS_Project.debug.xcconfig"; path = "Target Support Files/Pods-NiyaziCokuysa_DemirKosterit_IOS_Project/Pods-NiyaziCokuysa_DemirKosterit_IOS_Project.debug.xcconfig"; sourceTree = "<group>"; };
		BA2F11DE277F8C7400895354 /* Favorite+CoreDataProperties.swift */ = {isa = PBXFileReference; lastKnownFileType = sourcecode.swift; path = "Favorite+CoreDataProperties.swift"; sourceTree = "<group>"; };
		BA2F11E3277F8EA500895354 /* DetailVC.swift */ = {isa = PBXFileReference; lastKnownFileType = sourcecode.swift; path = DetailVC.swift; sourceTree = "<group>"; };
		BA2F11E72780FCA200895354 /* FavoriteVC.swift */ = {isa = PBXFileReference; lastKnownFileType = sourcecode.swift; path = FavoriteVC.swift; sourceTree = "<group>"; };
		BA75CD1C277F11B5004782C6 /* MainVC.swift */ = {isa = PBXFileReference; lastKnownFileType = sourcecode.swift; path = MainVC.swift; sourceTree = "<group>"; };
		BA75CD22277F12FB004782C6 /* Meal.swift */ = {isa = PBXFileReference; lastKnownFileType = sourcecode.swift; path = Meal.swift; sourceTree = "<group>"; };
		BA75CD24277F1494004782C6 /* MenuVC.swift */ = {isa = PBXFileReference; lastKnownFileType = sourcecode.swift; path = MenuVC.swift; sourceTree = "<group>"; };
		BA75CD26277F150F004782C6 /* CollectionViewCell.swift */ = {isa = PBXFileReference; lastKnownFileType = sourcecode.swift; path = CollectionViewCell.swift; sourceTree = "<group>"; };
		BA75CD28277F1536004782C6 /* CollectionReusableView.swift */ = {isa = PBXFileReference; lastKnownFileType = sourcecode.swift; path = CollectionReusableView.swift; sourceTree = "<group>"; };
		BA75CD2A277F167E004782C6 /* DataSource.swift */ = {isa = PBXFileReference; lastKnownFileType = sourcecode.swift; path = DataSource.swift; sourceTree = "<group>"; };
		BA75CD2C277F16DC004782C6 /* SwiftyJSON.swift */ = {isa = PBXFileReference; fileEncoding = 4; lastKnownFileType = sourcecode.swift; path = SwiftyJSON.swift; sourceTree = "<group>"; };
		BA75CD2E277F194A004782C6 /* data.json */ = {isa = PBXFileReference; fileEncoding = 4; lastKnownFileType = text.json; path = data.json; sourceTree = "<group>"; };
		BAD875A3277F0C5D00A65846 /* NiyaziCokuysa_DemirKosterit_IOS_Project.app */ = {isa = PBXFileReference; explicitFileType = wrapper.application; includeInIndex = 0; path = NiyaziCokuysa_DemirKosterit_IOS_Project.app; sourceTree = BUILT_PRODUCTS_DIR; };
		BAD875A6277F0C5D00A65846 /* AppDelegate.swift */ = {isa = PBXFileReference; lastKnownFileType = sourcecode.swift; path = AppDelegate.swift; sourceTree = "<group>"; };
		BAD875A8277F0C5D00A65846 /* SceneDelegate.swift */ = {isa = PBXFileReference; lastKnownFileType = sourcecode.swift; path = SceneDelegate.swift; sourceTree = "<group>"; };
		BAD875AD277F0C5D00A65846 /* Base */ = {isa = PBXFileReference; lastKnownFileType = file.storyboard; name = Base; path = Base.lproj/Main.storyboard; sourceTree = "<group>"; };
		BAD875B0277F0C5D00A65846 /* NiyaziCokuysa_DemirKosterit_IOS_Project.xcdatamodel */ = {isa = PBXFileReference; lastKnownFileType = wrapper.xcdatamodel; path = NiyaziCokuysa_DemirKosterit_IOS_Project.xcdatamodel; sourceTree = "<group>"; };
		BAD875B2277F0C5E00A65846 /* Assets.xcassets */ = {isa = PBXFileReference; lastKnownFileType = folder.assetcatalog; path = Assets.xcassets; sourceTree = "<group>"; };
		BAD875B5277F0C5E00A65846 /* Base */ = {isa = PBXFileReference; lastKnownFileType = file.storyboard; name = Base; path = Base.lproj/LaunchScreen.storyboard; sourceTree = "<group>"; };
		BAD875B7277F0C5E00A65846 /* Info.plist */ = {isa = PBXFileReference; lastKnownFileType = text.plist.xml; path = Info.plist; sourceTree = "<group>"; };
		BAE3A8FF27811DAF009B7F23 /* Favorite.swift */ = {isa = PBXFileReference; fileEncoding = 4; lastKnownFileType = sourcecode.swift; path = Favorite.swift; sourceTree = "<group>"; };
		E4955CC3EF1F30C8758D4814 /* Pods_NiyaziCokuysa_DemirKosterit_IOS_Project.framework */ = {isa = PBXFileReference; explicitFileType = wrapper.framework; includeInIndex = 0; path = Pods_NiyaziCokuysa_DemirKosterit_IOS_Project.framework; sourceTree = BUILT_PRODUCTS_DIR; };
		FE76802367E9A2D37E9DA25E /* Pods-NiyaziCokuysa_DemirKosterit_IOS_Project.release.xcconfig */ = {isa = PBXFileReference; includeInIndex = 1; lastKnownFileType = text.xcconfig; name = "Pods-NiyaziCokuysa_DemirKosterit_IOS_Project.release.xcconfig"; path = "Target Support Files/Pods-NiyaziCokuysa_DemirKosterit_IOS_Project/Pods-NiyaziCokuysa_DemirKosterit_IOS_Project.release.xcconfig"; sourceTree = "<group>"; };
/* End PBXFileReference section */

/* Begin PBXFrameworksBuildPhase section */
		BAD875A0277F0C5D00A65846 /* Frameworks */ = {
			isa = PBXFrameworksBuildPhase;
			buildActionMask = 2147483647;
			files = (
				12D4D12949C5FEFACA2AF541 /* Pods_NiyaziCokuysa_DemirKosterit_IOS_Project.framework in Frameworks */,
			);
			runOnlyForDeploymentPostprocessing = 0;
		};
/* End PBXFrameworksBuildPhase section */

/* Begin PBXGroup section */
		87F2F54AC1DEC7E006280A4D /* Frameworks */ = {
			isa = PBXGroup;
			children = (
				E4955CC3EF1F30C8758D4814 /* Pods_NiyaziCokuysa_DemirKosterit_IOS_Project.framework */,
			);
			name = Frameworks;
			sourceTree = "<group>";
		};
		BAD8759A277F0C5D00A65846 = {
			isa = PBXGroup;
			children = (
				BA2F11DE277F8C7400895354 /* Favorite+CoreDataProperties.swift */,
				BAE3A8FF27811DAF009B7F23 /* Favorite.swift */,
				BAD875A5277F0C5D00A65846 /* NiyaziCokuysa_DemirKosterit_IOS_Project */,
				BAD875A4277F0C5D00A65846 /* Products */,
				D134FEB975C783924EAE1E07 /* Pods */,
				87F2F54AC1DEC7E006280A4D /* Frameworks */,
			);
			sourceTree = "<group>";
		};
		BAD875A4277F0C5D00A65846 /* Products */ = {
			isa = PBXGroup;
			children = (
				BAD875A3277F0C5D00A65846 /* NiyaziCokuysa_DemirKosterit_IOS_Project.app */,
			);
			name = Products;
			sourceTree = "<group>";
		};
		BAD875A5277F0C5D00A65846 /* NiyaziCokuysa_DemirKosterit_IOS_Project */ = {
			isa = PBXGroup;
			children = (
				BA75CD24277F1494004782C6 /* MenuVC.swift */,
				BA2F11E3277F8EA500895354 /* DetailVC.swift */,
				BA75CD1C277F11B5004782C6 /* MainVC.swift */,
				BA2F11E72780FCA200895354 /* FavoriteVC.swift */,
				BA75CD2A277F167E004782C6 /* DataSource.swift */,
				BA75CD22277F12FB004782C6 /* Meal.swift */,
				BAD875AC277F0C5D00A65846 /* Main.storyboard */,
				BA75CD26277F150F004782C6 /* CollectionViewCell.swift */,
				BA75CD28277F1536004782C6 /* CollectionReusableView.swift */,
				BAD875A8277F0C5D00A65846 /* SceneDelegate.swift */,
				BAD875B4277F0C5E00A65846 /* LaunchScreen.storyboard */,
				BA75CD2C277F16DC004782C6 /* SwiftyJSON.swift */,
				BA75CD2E277F194A004782C6 /* data.json */,
				BAD875B7277F0C5E00A65846 /* Info.plist */,
				BAD875B2277F0C5E00A65846 /* Assets.xcassets */,
				BAD875A6277F0C5D00A65846 /* AppDelegate.swift */,
				BAD875AF277F0C5D00A65846 /* NiyaziCokuysa_DemirKosterit_IOS_Project.xcdatamodeld */,
			);
			path = NiyaziCokuysa_DemirKosterit_IOS_Project;
			sourceTree = "<group>";
		};
		D134FEB975C783924EAE1E07 /* Pods */ = {
			isa = PBXGroup;
			children = (
				3F70ABD4E72B29493B6725E3 /* Pods-NiyaziCokuysa_DemirKosterit_IOS_Project.debug.xcconfig */,
				FE76802367E9A2D37E9DA25E /* Pods-NiyaziCokuysa_DemirKosterit_IOS_Project.release.xcconfig */,
			);
			path = Pods;
			sourceTree = "<group>";
		};
/* End PBXGroup section */

/* Begin PBXNativeTarget section */
		BAD875A2277F0C5D00A65846 /* NiyaziCokuysa_DemirKosterit_IOS_Project */ = {
			isa = PBXNativeTarget;
			buildConfigurationList = BAD875BA277F0C5E00A65846 /* Build configuration list for PBXNativeTarget "NiyaziCokuysa_DemirKosterit_IOS_Project" */;
			buildPhases = (
				A4C7136EC81D4C71A33EF212 /* [CP] Check Pods Manifest.lock */,
				BAD8759F277F0C5D00A65846 /* Sources */,
				BAD875A0277F0C5D00A65846 /* Frameworks */,
				BAD875A1277F0C5D00A65846 /* Resources */,
				2A587E106680934B718BEFF4 /* [CP] Embed Pods Frameworks */,
			);
			buildRules = (
			);
			dependencies = (
			);
			name = NiyaziCokuysa_DemirKosterit_IOS_Project;
			productName = NiyaziCokuysa_DemirKosterit_IOS_Project;
			productReference = BAD875A3277F0C5D00A65846 /* NiyaziCokuysa_DemirKosterit_IOS_Project.app */;
			productType = "com.apple.product-type.application";
		};
/* End PBXNativeTarget section */

/* Begin PBXProject section */
		BAD8759B277F0C5D00A65846 /* Project object */ = {
			isa = PBXProject;
			attributes = {
				LastSwiftUpdateCheck = 1130;
				LastUpgradeCheck = 1130;
				ORGANIZATIONNAME = "niyazi-demir";
				TargetAttributes = {
					BAD875A2277F0C5D00A65846 = {
						CreatedOnToolsVersion = 11.3.1;
					};
				};
			};
			buildConfigurationList = BAD8759E277F0C5D00A65846 /* Build configuration list for PBXProject "NiyaziCokuysa_DemirKosterit_IOS_Project" */;
			compatibilityVersion = "Xcode 9.3";
			developmentRegion = en;
			hasScannedForEncodings = 0;
			knownRegions = (
				en,
				Base,
			);
			mainGroup = BAD8759A277F0C5D00A65846;
			productRefGroup = BAD875A4277F0C5D00A65846 /* Products */;
			projectDirPath = "";
			projectRoot = "";
			targets = (
				BAD875A2277F0C5D00A65846 /* NiyaziCokuysa_DemirKosterit_IOS_Project */,
			);
		};
/* End PBXProject section */

/* Begin PBXResourcesBuildPhase section */
		BAD875A1277F0C5D00A65846 /* Resources */ = {
			isa = PBXResourcesBuildPhase;
			buildActionMask = 2147483647;
			files = (
				BAD875B6277F0C5E00A65846 /* LaunchScreen.storyboard in Resources */,
				BAD875B3277F0C5E00A65846 /* Assets.xcassets in Resources */,
				BAD875AE277F0C5D00A65846 /* Main.storyboard in Resources */,
				BA75CD2F277F194A004782C6 /* data.json in Resources */,
			);
			runOnlyForDeploymentPostprocessing = 0;
		};
/* End PBXResourcesBuildPhase section */

/* Begin PBXShellScriptBuildPhase section */
		2A587E106680934B718BEFF4 /* [CP] Embed Pods Frameworks */ = {
			isa = PBXShellScriptBuildPhase;
			buildActionMask = 2147483647;
			files = (
			);
			inputFileListPaths = (
				"${PODS_ROOT}/Target Support Files/Pods-NiyaziCokuysa_DemirKosterit_IOS_Project/Pods-NiyaziCokuysa_DemirKosterit_IOS_Project-frameworks-${CONFIGURATION}-input-files.xcfilelist",
			);
			name = "[CP] Embed Pods Frameworks";
			outputFileListPaths = (
				"${PODS_ROOT}/Target Support Files/Pods-NiyaziCokuysa_DemirKosterit_IOS_Project/Pods-NiyaziCokuysa_DemirKosterit_IOS_Project-frameworks-${CONFIGURATION}-output-files.xcfilelist",
			);
			runOnlyForDeploymentPostprocessing = 0;
			shellPath = /bin/sh;
			shellScript = "\"${PODS_ROOT}/Target Support Files/Pods-NiyaziCokuysa_DemirKosterit_IOS_Project/Pods-NiyaziCokuysa_DemirKosterit_IOS_Project-frameworks.sh\"\n";
			showEnvVarsInLog = 0;
		};
		A4C7136EC81D4C71A33EF212 /* [CP] Check Pods Manifest.lock */ = {
			isa = PBXShellScriptBuildPhase;
			buildActionMask = 2147483647;
			files = (
			);
			inputFileListPaths = (
			);
			inputPaths = (
				"${PODS_PODFILE_DIR_PATH}/Podfile.lock",
				"${PODS_ROOT}/Manifest.lock",
			);
			name = "[CP] Check Pods Manifest.lock";
			outputFileListPaths = (
			);
			outputPaths = (
				"$(DERIVED_FILE_DIR)/Pods-NiyaziCokuysa_DemirKosterit_IOS_Project-checkManifestLockResult.txt",
			);
			runOnlyForDeploymentPostprocessing = 0;
			shellPath = /bin/sh;
			shellScript = "diff \"${PODS_PODFILE_DIR_PATH}/Podfile.lock\" \"${PODS_ROOT}/Manifest.lock\" > /dev/null\nif [ $? != 0 ] ; then\n    # print error to STDERR\n    echo \"error: The sandbox is not in sync with the Podfile.lock. Run 'pod install' or update your CocoaPods installation.\" >&2\n    exit 1\nfi\n# This output is used by Xcode 'outputs' to avoid re-running this script phase.\necho \"SUCCESS\" > \"${SCRIPT_OUTPUT_FILE_0}\"\n";
			showEnvVarsInLog = 0;
		};
/* End PBXShellScriptBuildPhase section */

/* Begin PBXSourcesBuildPhase section */
		BAD8759F277F0C5D00A65846 /* Sources */ = {
			isa = PBXSourcesBuildPhase;
			buildActionMask = 2147483647;
			files = (
				BA75CD23277F12FB004782C6 /* Meal.swift in Sources */,
				BAE3A90027811DAF009B7F23 /* Favorite.swift in Sources */,
				BA75CD29277F1536004782C6 /* CollectionReusableView.swift in Sources */,
				BA2F11E4277F8EA500895354 /* DetailVC.swift in Sources */,
				BAD875B1277F0C5D00A65846 /* NiyaziCokuysa_DemirKosterit_IOS_Project.xcdatamodeld in Sources */,
				BA75CD2D277F16DC004782C6 /* SwiftyJSON.swift in Sources */,
				BA2F11E0277F8C7400895354 /* Favorite+CoreDataProperties.swift in Sources */,
				BA75CD2B277F167E004782C6 /* DataSource.swift in Sources */,
				BA75CD1D277F11B5004782C6 /* MainVC.swift in Sources */,
				BA75CD27277F150F004782C6 /* CollectionViewCell.swift in Sources */,
				BAD875A7277F0C5D00A65846 /* AppDelegate.swift in Sources */,
				BAD875A9277F0C5D00A65846 /* SceneDelegate.swift in Sources */,
				BA2F11E82780FCA200895354 /* FavoriteVC.swift in Sources */,
				BA75CD25277F1494004782C6 /* MenuVC.swift in Sources */,
			);
			runOnlyForDeploymentPostprocessing = 0;
		};
/* End PBXSourcesBuildPhase section */

/* Begin PBXVariantGroup section */
		BAD875AC277F0C5D00A65846 /* Main.storyboard */ = {
			isa = PBXVariantGroup;
			children = (
				BAD875AD277F0C5D00A65846 /* Base */,
			);
			name = Main.storyboard;
			sourceTree = "<group>";
		};
		BAD875B4277F0C5E00A65846 /* LaunchScreen.storyboard */ = {
			isa = PBXVariantGroup;
			children = (
				BAD875B5277F0C5E00A65846 /* Base */,
			);
			name = LaunchScreen.storyboard;
			sourceTree = "<group>";
		};
/* End PBXVariantGroup section */

/* Begin XCBuildConfiguration section */
		BAD875B8277F0C5E00A65846 /* Debug */ = {
			isa = XCBuildConfiguration;
			buildSettings = {
				ALWAYS_SEARCH_USER_PATHS = NO;
				CLANG_ANALYZER_NONNULL = YES;
				CLANG_ANALYZER_NUMBER_OBJECT_CONVERSION = YES_AGGRESSIVE;
				CLANG_CXX_LANGUAGE_STANDARD = "gnu++14";
				CLANG_CXX_LIBRARY = "libc++";
				CLANG_ENABLE_MODULES = YES;
				CLANG_ENABLE_OBJC_ARC = YES;
				CLANG_ENABLE_OBJC_WEAK = YES;
				CLANG_WARN_BLOCK_CAPTURE_AUTORELEASING = YES;
				CLANG_WARN_BOOL_CONVERSION = YES;
				CLANG_WARN_COMMA = YES;
				CLANG_WARN_CONSTANT_CONVERSION = YES;
				CLANG_WARN_DEPRECATED_OBJC_IMPLEMENTATIONS = YES;
				CLANG_WARN_DIRECT_OBJC_ISA_USAGE = YES_ERROR;
				CLANG_WARN_DOCUMENTATION_COMMENTS = YES;
				CLANG_WARN_EMPTY_BODY = YES;
				CLANG_WARN_ENUM_CONVERSION = YES;
				CLANG_WARN_INFINITE_RECURSION = YES;
				CLANG_WARN_INT_CONVERSION = YES;
				CLANG_WARN_NON_LITERAL_NULL_CONVERSION = YES;
				CLANG_WARN_OBJC_IMPLICIT_RETAIN_SELF = YES;
				CLANG_WARN_OBJC_LITERAL_CONVERSION = YES;
				CLANG_WARN_OBJC_ROOT_CLASS = YES_ERROR;
				CLANG_WARN_RANGE_LOOP_ANALYSIS = YES;
				CLANG_WARN_STRICT_PROTOTYPES = YES;
				CLANG_WARN_SUSPICIOUS_MOVE = YES;
				CLANG_WARN_UNGUARDED_AVAILABILITY = YES_AGGRESSIVE;
				CLANG_WARN_UNREACHABLE_CODE = YES;
				CLANG_WARN__DUPLICATE_METHOD_MATCH = YES;
				COPY_PHASE_STRIP = NO;
				DEBUG_INFORMATION_FORMAT = dwarf;
				ENABLE_STRICT_OBJC_MSGSEND = YES;
				ENABLE_TESTABILITY = YES;
				GCC_C_LANGUAGE_STANDARD = gnu11;
				GCC_DYNAMIC_NO_PIC = NO;
				GCC_NO_COMMON_BLOCKS = YES;
				GCC_OPTIMIZATION_LEVEL = 0;
				GCC_PREPROCESSOR_DEFINITIONS = (
					"DEBUG=1",
					"$(inherited)",
				);
				GCC_WARN_64_TO_32_BIT_CONVERSION = YES;
				GCC_WARN_ABOUT_RETURN_TYPE = YES_ERROR;
				GCC_WARN_UNDECLARED_SELECTOR = YES;
				GCC_WARN_UNINITIALIZED_AUTOS = YES_AGGRESSIVE;
				GCC_WARN_UNUSED_FUNCTION = YES;
				GCC_WARN_UNUSED_VARIABLE = YES;
				IPHONEOS_DEPLOYMENT_TARGET = 13.2;
				MTL_ENABLE_DEBUG_INFO = INCLUDE_SOURCE;
				MTL_FAST_MATH = YES;
				ONLY_ACTIVE_ARCH = YES;
				SDKROOT = iphoneos;
				SWIFT_ACTIVE_COMPILATION_CONDITIONS = DEBUG;
				SWIFT_OPTIMIZATION_LEVEL = "-Onone";
			};
			name = Debug;
		};
		BAD875B9277F0C5E00A65846 /* Release */ = {
			isa = XCBuildConfiguration;
			buildSettings = {
				ALWAYS_SEARCH_USER_PATHS = NO;
				CLANG_ANALYZER_NONNULL = YES;
				CLANG_ANALYZER_NUMBER_OBJECT_CONVERSION = YES_AGGRESSIVE;
				CLANG_CXX_LANGUAGE_STANDARD = "gnu++14";
				CLANG_CXX_LIBRARY = "libc++";
				CLANG_ENABLE_MODULES = YES;
				CLANG_ENABLE_OBJC_ARC = YES;
				CLANG_ENABLE_OBJC_WEAK = YES;
				CLANG_WARN_BLOCK_CAPTURE_AUTORELEASING = YES;
				CLANG_WARN_BOOL_CONVERSION = YES;
				CLANG_WARN_COMMA = YES;
				CLANG_WARN_CONSTANT_CONVERSION = YES;
				CLANG_WARN_DEPRECATED_OBJC_IMPLEMENTATIONS = YES;
				CLANG_WARN_DIRECT_OBJC_ISA_USAGE = YES_ERROR;
				CLANG_WARN_DOCUMENTATION_COMMENTS = YES;
				CLANG_WARN_EMPTY_BODY = YES;
				CLANG_WARN_ENUM_CONVERSION = YES;
				CLANG_WARN_INFINITE_RECURSION = YES;
				CLANG_WARN_INT_CONVERSION = YES;
				CLANG_WARN_NON_LITERAL_NULL_CONVERSION = YES;
				CLANG_WARN_OBJC_IMPLICIT_RETAIN_SELF = YES;
				CLANG_WARN_OBJC_LITERAL_CONVERSION = YES;
				CLANG_WARN_OBJC_ROOT_CLASS = YES_ERROR;
				CLANG_WARN_RANGE_LOOP_ANALYSIS = YES;
				CLANG_WARN_STRICT_PROTOTYPES = YES;
				CLANG_WARN_SUSPICIOUS_MOVE = YES;
				CLANG_WARN_UNGUARDED_AVAILABILITY = YES_AGGRESSIVE;
				CLANG_WARN_UNREACHABLE_CODE = YES;
				CLANG_WARN__DUPLICATE_METHOD_MATCH = YES;
				COPY_PHASE_STRIP = NO;
				DEBUG_INFORMATION_FORMAT = "dwarf-with-dsym";
				ENABLE_NS_ASSERTIONS = NO;
				ENABLE_STRICT_OBJC_MSGSEND = YES;
				GCC_C_LANGUAGE_STANDARD = gnu11;
				GCC_NO_COMMON_BLOCKS = YES;
				GCC_WARN_64_TO_32_BIT_CONVERSION = YES;
				GCC_WARN_ABOUT_RETURN_TYPE = YES_ERROR;
				GCC_WARN_UNDECLARED_SELECTOR = YES;
				GCC_WARN_UNINITIALIZED_AUTOS = YES_AGGRESSIVE;
				GCC_WARN_UNUSED_FUNCTION = YES;
				GCC_WARN_UNUSED_VARIABLE = YES;
				IPHONEOS_DEPLOYMENT_TARGET = 13.2;
				MTL_ENABLE_DEBUG_INFO = NO;
				MTL_FAST_MATH = YES;
				SDKROOT = iphoneos;
				SWIFT_COMPILATION_MODE = wholemodule;
				SWIFT_OPTIMIZATION_LEVEL = "-O";
				VALIDATE_PRODUCT = YES;
			};
			name = Release;
		};
		BAD875BB277F0C5E00A65846 /* Debug */ = {
			isa = XCBuildConfiguration;
			baseConfigurationReference = 3F70ABD4E72B29493B6725E3 /* Pods-NiyaziCokuysa_DemirKosterit_IOS_Project.debug.xcconfig */;
			buildSettings = {
				ASSETCATALOG_COMPILER_APPICON_NAME = AppIcon;
				CODE_SIGN_STYLE = Automatic;
				INFOPLIST_FILE = NiyaziCokuysa_DemirKosterit_IOS_Project/Info.plist;
				LD_RUNPATH_SEARCH_PATHS = (
					"$(inherited)",
					"@executable_path/Frameworks",
				);
				PRODUCT_BUNDLE_IDENTIFIER = "com.niyazi-demir.NiyaziCokuysa-DemirKosterit-IOS-Project";
				PRODUCT_NAME = "$(TARGET_NAME)";
				SWIFT_VERSION = 5.0;
				TARGETED_DEVICE_FAMILY = "1,2";
			};
			name = Debug;
		};
		BAD875BC277F0C5E00A65846 /* Release */ = {
			isa = XCBuildConfiguration;
			baseConfigurationReference = FE76802367E9A2D37E9DA25E /* Pods-NiyaziCokuysa_DemirKosterit_IOS_Project.release.xcconfig */;
			buildSettings = {
				ASSETCATALOG_COMPILER_APPICON_NAME = AppIcon;
				CODE_SIGN_STYLE = Automatic;
				INFOPLIST_FILE = NiyaziCokuysa_DemirKosterit_IOS_Project/Info.plist;
				LD_RUNPATH_SEARCH_PATHS = (
					"$(inherited)",
					"@executable_path/Frameworks",
				);
				PRODUCT_BUNDLE_IDENTIFIER = "com.niyazi-demir.NiyaziCokuysa-DemirKosterit-IOS-Project";
				PRODUCT_NAME = "$(TARGET_NAME)";
				SWIFT_VERSION = 5.0;
				TARGETED_DEVICE_FAMILY = "1,2";
			};
			name = Release;
		};
/* End XCBuildConfiguration section */

/* Begin XCConfigurationList section */
		BAD8759E277F0C5D00A65846 /* Build configuration list for PBXProject "NiyaziCokuysa_DemirKosterit_IOS_Project" */ = {
			isa = XCConfigurationList;
			buildConfigurations = (
				BAD875B8277F0C5E00A65846 /* Debug */,
				BAD875B9277F0C5E00A65846 /* Release */,
			);
			defaultConfigurationIsVisible = 0;
			defaultConfigurationName = Release;
		};
		BAD875BA277F0C5E00A65846 /* Build configuration list for PBXNativeTarget "NiyaziCokuysa_DemirKosterit_IOS_Project" */ = {
			isa = XCConfigurationList;
			buildConfigurations = (
				BAD875BB277F0C5E00A65846 /* Debug */,
				BAD875BC277F0C5E00A65846 /* Release */,
			);
			defaultConfigurationIsVisible = 0;
			defaultConfigurationName = Release;
		};
/* End XCConfigurationList section */

/* Begin XCVersionGroup section */
		BAD875AF277F0C5D00A65846 /* NiyaziCokuysa_DemirKosterit_IOS_Project.xcdatamodeld */ = {
			isa = XCVersionGroup;
			children = (
				BAD875B0277F0C5D00A65846 /* NiyaziCokuysa_DemirKosterit_IOS_Project.xcdatamodel */,
			);
			currentVersion = BAD875B0277F0C5D00A65846 /* NiyaziCokuysa_DemirKosterit_IOS_Project.xcdatamodel */;
			path = NiyaziCokuysa_DemirKosterit_IOS_Project.xcdatamodeld;
			sourceTree = "<group>";
			versionGroupType = wrapper.xcdatamodel;
		};
/* End XCVersionGroup section */
	};
	rootObject = BAD8759B277F0C5D00A65846 /* Project object */;
}
